
Microsoft Visual Studio Solution File, Format Version 12.00
# Visual Studio Version 16
VisualStudioVersion = 16.0.30611.23
MinimumVisualStudioVersion = 10.0.40219.1
Project("{9A19103F-16F7-4668-BE54-9A1E7A4F7556}") = "ApiTechAndSolve", "ApiTechAndSolve\ApiTechAndSolve.csproj", "{A1B2CCFE-2715-4BA8-B053-0FB9E0766B46}"
EndProject
Project("{2150E333-8FDC-42A3-9474-1A3956D46DE8}") = "Application", "Application", "{06DBC737-14CB-4F52-9A10-CAD38514C333}"
EndProject
Project("{9A19103F-16F7-4668-BE54-9A1E7A4F7556}") = "Application.Interface", "Application.Interface\Application.Interface.csproj", "{3D8EF58A-BC2A-4881-A91E-37521B9C2EF1}"
EndProject
Project("{9A19103F-16F7-4668-BE54-9A1E7A4F7556}") = "Application.Dto", "Application.Dto\Application.Dto.csproj", "{C1477B9B-3A1C-4F89-9351-B4587AF3EB15}"
EndProject
Project("{9A19103F-16F7-4668-BE54-9A1E7A4F7556}") = "Application.Main", "Application.Main\Application.Main.csproj", "{0B32E218-5F22-43DD-985B-926BA17B3CFB}"
EndProject
Project("{2150E333-8FDC-42A3-9474-1A3956D46DE8}") = "Domain", "Domain", "{CC25872C-EAF0-4CEE-8D3D-0D01023CF02D}"
EndProject
Project("{9A19103F-16F7-4668-BE54-9A1E7A4F7556}") = "Domain.Entity", "Domain.Entity\Domain.Entity.csproj", "{47D17CA3-0E56-4806-B0E6-28A83A881605}"
EndProject
Project("{9A19103F-16F7-4668-BE54-9A1E7A4F7556}") = "Domain.Interface", "Domain.Interface\Domain.Interface.csproj", "{3A808C96-9BC1-4ADE-98A8-34DFF30DA185}"
EndProject
Project("{9A19103F-16F7-4668-BE54-9A1E7A4F7556}") = "Domain.Core", "Domain.Core\Domain.Core.csproj", "{FA82750D-E495-464A-BF90-11DBE52E8172}"
EndProject
Project("{2150E333-8FDC-42A3-9474-1A3956D46DE8}") = "Infrastructure", "Infrastructure", "{50BA4B48-AC60-4528-9A33-5F6A2AFFB005}"
EndProject
Project("{9A19103F-16F7-4668-BE54-9A1E7A4F7556}") = "Infrastructure.Data", "Infrastructure.Data\Infrastructure.Data.csproj", "{F59C8E99-B1DD-4048-B1FB-2A0DAE51EB5E}"
EndProject
Project("{9A19103F-16F7-4668-BE54-9A1E7A4F7556}") = "Infrastructure.Interface", "Infrastructure.Interface\Infrastructure.Interface.csproj", "{2471675D-2AB1-4273-9FB8-BC7C9C516CAE}"
EndProject
Project("{9A19103F-16F7-4668-BE54-9A1E7A4F7556}") = "Infrastructure.Repository", "Infrastructure.Repository\Infrastructure.Repository.csproj", "{F01A9F0F-5978-4096-91E9-9B900CE7AE14}"
EndProject
Project("{2150E333-8FDC-42A3-9474-1A3956D46DE8}") = "Transversal", "Transversal", "{4EDD6A36-8D0A-48DA-B3C0-73C0406E955A}"
EndProject
Project("{9A19103F-16F7-4668-BE54-9A1E7A4F7556}") = "Transversal.common", "Transversal.common\Transversal.common.csproj", "{14D06C68-4781-4249-9406-D181B88D32A7}"
EndProject
Project("{9A19103F-16F7-4668-BE54-9A1E7A4F7556}") = "Transversal.Mapper", "Transversal.Mapper\Transversal.Mapper.csproj", "{42569617-714B-423A-AF4E-D9296D1D941E}"
EndProject
Project("{2150E333-8FDC-42A3-9474-1A3956D46DE8}") = "Test", "Test", "{5FF2A05F-6D45-4B51-B206-D3BB30068097}"
EndProject
Project("{FAE04EC0-301F-11D3-BF4B-00C04F79EFBC}") = "UnitTest.Api", "UnitTest.Api\UnitTest.Api.csproj", "{B9C691CC-B821-4A5D-BD0B-5417502CCD3C}"
EndProject
Global
	GlobalSection(SolutionConfigurationPlatforms) = preSolution
		Debug|Any CPU = Debug|Any CPU
		Release|Any CPU = Release|Any CPU
	EndGlobalSection
	GlobalSection(ProjectConfigurationPlatforms) = postSolution
		{A1B2CCFE-2715-4BA8-B053-0FB9E0766B46}.Debug|Any CPU.ActiveCfg = Debug|Any CPU
		{A1B2CCFE-2715-4BA8-B053-0FB9E0766B46}.Debug|Any CPU.Build.0 = Debug|Any CPU
		{A1B2CCFE-2715-4BA8-B053-0FB9E0766B46}.Release|Any CPU.ActiveCfg = Release|Any CPU
		{A1B2CCFE-2715-4BA8-B053-0FB9E0766B46}.Release|Any CPU.Build.0 = Release|Any CPU
		{3D8EF58A-BC2A-4881-A91E-37521B9C2EF1}.Debug|Any CPU.ActiveCfg = Debug|Any CPU
		{3D8EF58A-BC2A-4881-A91E-37521B9C2EF1}.Debug|Any CPU.Build.0 = Debug|Any CPU
		{3D8EF58A-BC2A-4881-A91E-37521B9C2EF1}.Release|Any CPU.ActiveCfg = Release|Any CPU
		{3D8EF58A-BC2A-4881-A91E-37521B9C2EF1}.Release|Any CPU.Build.0 = Release|Any CPU
		{C1477B9B-3A1C-4F89-9351-B4587AF3EB15}.Debug|Any CPU.ActiveCfg = Debug|Any CPU
		{C1477B9B-3A1C-4F89-9351-B4587AF3EB15}.Debug|Any CPU.Build.0 = Debug|Any CPU
		{C1477B9B-3A1C-4F89-9351-B4587AF3EB15}.Release|Any CPU.ActiveCfg = Release|Any CPU
		{C1477B9B-3A1C-4F89-9351-B4587AF3EB15}.Release|Any CPU.Build.0 = Release|Any CPU
		{0B32E218-5F22-43DD-985B-926BA17B3CFB}.Debug|Any CPU.ActiveCfg = Debug|Any CPU
		{0B32E218-5F22-43DD-985B-926BA17B3CFB}.Debug|Any CPU.Build.0 = Debug|Any CPU
		{0B32E218-5F22-43DD-985B-926BA17B3CFB}.Release|Any CPU.ActiveCfg = Release|Any CPU
		{0B32E218-5F22-43DD-985B-926BA17B3CFB}.Release|Any CPU.Build.0 = Release|Any CPU
		{47D17CA3-0E56-4806-B0E6-28A83A881605}.Debug|Any CPU.ActiveCfg = Debug|Any CPU
		{47D17CA3-0E56-4806-B0E6-28A83A881605}.Debug|Any CPU.Build.0 = Debug|Any CPU
		{47D17CA3-0E56-4806-B0E6-28A83A881605}.Release|Any CPU.ActiveCfg = Release|Any CPU
		{47D17CA3-0E56-4806-B0E6-28A83A881605}.Release|Any CPU.Build.0 = Release|Any CPU
		{3A808C96-9BC1-4ADE-98A8-34DFF30DA185}.Debug|Any CPU.ActiveCfg = Debug|Any CPU
		{3A808C96-9BC1-4ADE-98A8-34DFF30DA185}.Debug|Any CPU.Build.0 = Debug|Any CPU
		{3A808C96-9BC1-4ADE-98A8-34DFF30DA185}.Release|Any CPU.ActiveCfg = Release|Any CPU
		{3A808C96-9BC1-4ADE-98A8-34DFF30DA185}.Release|Any CPU.Build.0 = Release|Any CPU
		{FA82750D-E495-464A-BF90-11DBE52E8172}.Debug|Any CPU.ActiveCfg = Debug|Any CPU
		{FA82750D-E495-464A-BF90-11DBE52E8172}.Debug|Any CPU.Build.0 = Debug|Any CPU
		{FA82750D-E495-464A-BF90-11DBE52E8172}.Release|Any CPU.ActiveCfg = Release|Any CPU
		{FA82750D-E495-464A-BF90-11DBE52E8172}.Release|Any CPU.Build.0 = Release|Any CPU
		{F59C8E99-B1DD-4048-B1FB-2A0DAE51EB5E}.Debug|Any CPU.ActiveCfg = Debug|Any CPU
		{F59C8E99-B1DD-4048-B1FB-2A0DAE51EB5E}.Debug|Any CPU.Build.0 = Debug|Any CPU
		{F59C8E99-B1DD-4048-B1FB-2A0DAE51EB5E}.Release|Any CPU.ActiveCfg = Release|Any CPU
		{F59C8E99-B1DD-4048-B1FB-2A0DAE51EB5E}.Release|Any CPU.Build.0 = Release|Any CPU
		{2471675D-2AB1-4273-9FB8-BC7C9C516CAE}.Debug|Any CPU.ActiveCfg = Debug|Any CPU
		{2471675D-2AB1-4273-9FB8-BC7C9C516CAE}.Debug|Any CPU.Build.0 = Debug|Any CPU
		{2471675D-2AB1-4273-9FB8-BC7C9C516CAE}.Release|Any CPU.ActiveCfg = Release|Any CPU
		{2471675D-2AB1-4273-9FB8-BC7C9C516CAE}.Release|Any CPU.Build.0 = Release|Any CPU
		{F01A9F0F-5978-4096-91E9-9B900CE7AE14}.Debug|Any CPU.ActiveCfg = Debug|Any CPU
		{F01A9F0F-5978-4096-91E9-9B900CE7AE14}.Debug|Any CPU.Build.0 = Debug|Any CPU
		{F01A9F0F-5978-4096-91E9-9B900CE7AE14}.Release|Any CPU.ActiveCfg = Release|Any CPU
		{F01A9F0F-5978-4096-91E9-9B900CE7AE14}.Release|Any CPU.Build.0 = Release|Any CPU
		{14D06C68-4781-4249-9406-D181B88D32A7}.Debug|Any CPU.ActiveCfg = Debug|Any CPU
		{14D06C68-4781-4249-9406-D181B88D32A7}.Debug|Any CPU.Build.0 = Debug|Any CPU
		{14D06C68-4781-4249-9406-D181B88D32A7}.Release|Any CPU.ActiveCfg = Release|Any CPU
		{14D06C68-4781-4249-9406-D181B88D32A7}.Release|Any CPU.Build.0 = Release|Any CPU
		{42569617-714B-423A-AF4E-D9296D1D941E}.Debug|Any CPU.ActiveCfg = Debug|Any CPU
		{42569617-714B-423A-AF4E-D9296D1D941E}.Debug|Any CPU.Build.0 = Debug|Any CPU
		{42569617-714B-423A-AF4E-D9296D1D941E}.Release|Any CPU.ActiveCfg = Release|Any CPU
		{42569617-714B-423A-AF4E-D9296D1D941E}.Release|Any CPU.Build.0 = Release|Any CPU
		{B9C691CC-B821-4A5D-BD0B-5417502CCD3C}.Debug|Any CPU.ActiveCfg = Debug|Any CPU
		{B9C691CC-B821-4A5D-BD0B-5417502CCD3C}.Debug|Any CPU.Build.0 = Debug|Any CPU
		{B9C691CC-B821-4A5D-BD0B-5417502CCD3C}.Release|Any CPU.ActiveCfg = Release|Any CPU
		{B9C691CC-B821-4A5D-BD0B-5417502CCD3C}.Release|Any CPU.Build.0 = Release|Any CPU
	EndGlobalSection
	GlobalSection(SolutionProperties) = preSolution
		HideSolutionNode = FALSE
	EndGlobalSection
	GlobalSection(NestedProjects) = preSolution
		{3D8EF58A-BC2A-4881-A91E-37521B9C2EF1} = {06DBC737-14CB-4F52-9A10-CAD38514C333}
		{C1477B9B-3A1C-4F89-9351-B4587AF3EB15} = {06DBC737-14CB-4F52-9A10-CAD38514C333}
		{0B32E218-5F22-43DD-985B-926BA17B3CFB} = {06DBC737-14CB-4F52-9A10-CAD38514C333}
		{47D17CA3-0E56-4806-B0E6-28A83A881605} = {CC25872C-EAF0-4CEE-8D3D-0D01023CF02D}
		{3A808C96-9BC1-4ADE-98A8-34DFF30DA185} = {CC25872C-EAF0-4CEE-8D3D-0D01023CF02D}
		{FA82750D-E495-464A-BF90-11DBE52E8172} = {CC25872C-EAF0-4CEE-8D3D-0D01023CF02D}
		{F59C8E99-B1DD-4048-B1FB-2A0DAE51EB5E} = {50BA4B48-AC60-4528-9A33-5F6A2AFFB005}
		{2471675D-2AB1-4273-9FB8-BC7C9C516CAE} = {50BA4B48-AC60-4528-9A33-5F6A2AFFB005}
		{F01A9F0F-5978-4096-91E9-9B900CE7AE14} = {50BA4B48-AC60-4528-9A33-5F6A2AFFB005}
		{14D06C68-4781-4249-9406-D181B88D32A7} = {4EDD6A36-8D0A-48DA-B3C0-73C0406E955A}
		{42569617-714B-423A-AF4E-D9296D1D941E} = {4EDD6A36-8D0A-48DA-B3C0-73C0406E955A}
		{B9C691CC-B821-4A5D-BD0B-5417502CCD3C} = {5FF2A05F-6D45-4B51-B206-D3BB30068097}
	EndGlobalSection
	GlobalSection(ExtensibilityGlobals) = postSolution
		SolutionGuid = {F8D00957-BE7D-4B0F-9A76-7F0B67D7D473}
	EndGlobalSection
EndGlobal
